
Microsoft Visual Studio Solution File, Format Version 12.00
# Visual Studio 14
VisualStudioVersion = 14.0.25420.1
MinimumVisualStudioVersion = 10.0.40219.1
Project("{FAE04EC0-301F-11D3-BF4B-00C04F79EFBC}") = "YyWsnDeviceLibrary", "YyWsnDeviceLibrary\YyWsnDeviceLibrary.csproj", "{4BCF8EA3-F5C3-4788-B5A4-2143FFC3E0B0}"
EndProject
Project("{FAE04EC0-301F-11D3-BF4B-00C04F79EFBC}") = "YyWsnDeviceLibraryTests", "YyWsnDeviceLibraryTests\YyWsnDeviceLibraryTests.csproj", "{E88B248C-6F8C-49D8-94EE-027C3C288E3C}"
EndProject
Project("{FAE04EC0-301F-11D3-BF4B-00C04F79EFBC}") = "YyWsnCommunicatonLibrary", "YyWsnCommunicatonLibrary\YyWsnCommunicatonLibrary.csproj", "{C8166677-F261-400C-AB3A-06831D858CB6}"
EndProject
Project("{FAE04EC0-301F-11D3-BF4B-00C04F79EFBC}") = "SnifferGUI", "SnifferGUI\SnifferGUI.csproj", "{7D2CB214-A515-44A6-82FF-4EDF109416B6}"
EndProject
Project("{FAE04EC0-301F-11D3-BF4B-00C04F79EFBC}") = "YyWsnCommunicatonLibraryTests", "YyWsnCommunicatonLibraryTests\YyWsnCommunicatonLibraryTests.csproj", "{A2595A5C-701A-4021-8B6C-580CC2DC7717}"
EndProject
Project("{FAE04EC0-301F-11D3-BF4B-00C04F79EFBC}") = "ExcelExport", "ExcelExport\ExcelExport.csproj", "{1F1B5AA7-D99F-4F52-8E88-87B957F13CFB}"
EndProject
Project("{FAE04EC0-301F-11D3-BF4B-00C04F79EFBC}") = "UartGatewayGUI", "UartGatewayGUI\UartGatewayGUI.csproj", "{1A63A6E7-5260-4B6D-A830-4001017433D0}"
EndProject
Global
	GlobalSection(SolutionConfigurationPlatforms) = preSolution
		Debug|Any CPU = Debug|Any CPU
		Release|Any CPU = Release|Any CPU
	EndGlobalSection
	GlobalSection(ProjectConfigurationPlatforms) = postSolution
		{4BCF8EA3-F5C3-4788-B5A4-2143FFC3E0B0}.Debug|Any CPU.ActiveCfg = Debug|Any CPU
		{4BCF8EA3-F5C3-4788-B5A4-2143FFC3E0B0}.Debug|Any CPU.Build.0 = Debug|Any CPU
		{4BCF8EA3-F5C3-4788-B5A4-2143FFC3E0B0}.Release|Any CPU.ActiveCfg = Release|Any CPU
		{4BCF8EA3-F5C3-4788-B5A4-2143FFC3E0B0}.Release|Any CPU.Build.0 = Release|Any CPU
		{E88B248C-6F8C-49D8-94EE-027C3C288E3C}.Debug|Any CPU.ActiveCfg = Debug|Any CPU
		{E88B248C-6F8C-49D8-94EE-027C3C288E3C}.Debug|Any CPU.Build.0 = Debug|Any CPU
		{E88B248C-6F8C-49D8-94EE-027C3C288E3C}.Release|Any CPU.ActiveCfg = Release|Any CPU
		{E88B248C-6F8C-49D8-94EE-027C3C288E3C}.Release|Any CPU.Build.0 = Release|Any CPU
		{C8166677-F261-400C-AB3A-06831D858CB6}.Debug|Any CPU.ActiveCfg = Debug|Any CPU
		{C8166677-F261-400C-AB3A-06831D858CB6}.Debug|Any CPU.Build.0 = Debug|Any CPU
		{C8166677-F261-400C-AB3A-06831D858CB6}.Release|Any CPU.ActiveCfg = Release|Any CPU
		{C8166677-F261-400C-AB3A-06831D858CB6}.Release|Any CPU.Build.0 = Release|Any CPU
		{7D2CB214-A515-44A6-82FF-4EDF109416B6}.Debug|Any CPU.ActiveCfg = Debug|Any CPU
		{7D2CB214-A515-44A6-82FF-4EDF109416B6}.Debug|Any CPU.Build.0 = Debug|Any CPU
		{7D2CB214-A515-44A6-82FF-4EDF109416B6}.Release|Any CPU.ActiveCfg = Release|Any CPU
		{7D2CB214-A515-44A6-82FF-4EDF109416B6}.Release|Any CPU.Build.0 = Release|Any CPU
		{A2595A5C-701A-4021-8B6C-580CC2DC7717}.Debug|Any CPU.ActiveCfg = Debug|Any CPU
		{A2595A5C-701A-4021-8B6C-580CC2DC7717}.Debug|Any CPU.Build.0 = Debug|Any CPU
		{A2595A5C-701A-4021-8B6C-580CC2DC7717}.Release|Any CPU.ActiveCfg = Release|Any CPU
		{A2595A5C-701A-4021-8B6C-580CC2DC7717}.Release|Any CPU.Build.0 = Release|Any CPU
		{1F1B5AA7-D99F-4F52-8E88-87B957F13CFB}.Debug|Any CPU.ActiveCfg = Debug|Any CPU
		{1F1B5AA7-D99F-4F52-8E88-87B957F13CFB}.Debug|Any CPU.Build.0 = Debug|Any CPU
		{1F1B5AA7-D99F-4F52-8E88-87B957F13CFB}.Release|Any CPU.ActiveCfg = Release|Any CPU
		{1F1B5AA7-D99F-4F52-8E88-87B957F13CFB}.Release|Any CPU.Build.0 = Release|Any CPU
		{1A63A6E7-5260-4B6D-A830-4001017433D0}.Debug|Any CPU.ActiveCfg = Debug|Any CPU
		{1A63A6E7-5260-4B6D-A830-4001017433D0}.Debug|Any CPU.Build.0 = Debug|Any CPU
		{1A63A6E7-5260-4B6D-A830-4001017433D0}.Release|Any CPU.ActiveCfg = Release|Any CPU
		{1A63A6E7-5260-4B6D-A830-4001017433D0}.Release|Any CPU.Build.0 = Release|Any CPU
	EndGlobalSection
	GlobalSection(SolutionProperties) = preSolution
		HideSolutionNode = FALSE
	EndGlobalSection
EndGlobal
