
Microsoft Visual Studio Solution File, Format Version 12.00
# Visual Studio 14
VisualStudioVersion = 14.0.25420.1
MinimumVisualStudioVersion = 10.0.40219.1
Project("{FAE04EC0-301F-11D3-BF4B-00C04F79EFBC}") = "YyWsnDeviceLibrary", "YyWsnDeviceLibrary\YyWsnDeviceLibrary.csproj", "{4BCF8EA3-F5C3-4788-B5A4-2143FFC3E0B0}"
EndProject
Project("{FAE04EC0-301F-11D3-BF4B-00C04F79EFBC}") = "YyWsnDeviceLibraryTests", "YyWsnDeviceLibraryTests\YyWsnDeviceLibraryTests.csproj", "{E88B248C-6F8C-49D8-94EE-027C3C288E3C}"
EndProject
Project("{FAE04EC0-301F-11D3-BF4B-00C04F79EFBC}") = "YyWsnCommunicatonLibrary", "YyWsnCommunicatonLibrary\YyWsnCommunicatonLibrary.csproj", "{C8166677-F261-400C-AB3A-06831D858CB6}"
EndProject
Project("{FAE04EC0-301F-11D3-BF4B-00C04F79EFBC}") = "SnifferGUI", "SnifferGUI\SnifferGUI.csproj", "{7D2CB214-A515-44A6-82FF-4EDF109416B6}"
EndProject
Project("{FAE04EC0-301F-11D3-BF4B-00C04F79EFBC}") = "YyWsnCommunicatonLibraryTests", "YyWsnCommunicatonLibraryTests\YyWsnCommunicatonLibraryTests.csproj", "{A2595A5C-701A-4021-8B6C-580CC2DC7717}"
EndProject
Project("{FAE04EC0-301F-11D3-BF4B-00C04F79EFBC}") = "ExcelExport", "ExcelExport\ExcelExport.csproj", "{1F1B5AA7-D99F-4F52-8E88-87B957F13CFB}"
EndProject
Project("{FAE04EC0-301F-11D3-BF4B-00C04F79EFBC}") = "DeviceSetup_HyperWSN", "DeviceSetup_HyperWSN\DeviceSetup_HyperWSN.csproj", "{24364CC0-B29D-42E4-B868-20DCBAE3F955}"
EndProject
Project("{FAE04EC0-301F-11D3-BF4B-00C04F79EFBC}") = "RussianAnalyse", "RussianAnalyse\RussianAnalyse.csproj", "{14F4286A-5E77-405D-B6F2-6C92E313B8F2}"
EndProject
Project("{FAE04EC0-301F-11D3-BF4B-00C04F79EFBC}") = "SocketMonitorUI", "SocketMonitorUI\SocketMonitorUI.csproj", "{4D688CAC-49A3-47BF-83AA-CE45D0C0C190}"
EndProject
Project("{FAE04EC0-301F-11D3-BF4B-00C04F79EFBC}") = "DeviceVerifyGUI", "DeviceVerifyGUI\DeviceVerifyGUI.csproj", "{997BB859-791A-4F2B-A41F-420B97BE88A9}"
EndProject
Project("{FAE04EC0-301F-11D3-BF4B-00C04F79EFBC}") = "DeviceSQLDatabaseLibrary", "DeviceSQLDatabaseLibrary\DeviceSQLDatabaseLibrary.csproj", "{DC2D93C3-DF31-4058-B1AC-AD3B4801B654}"
EndProject
Project("{FAE04EC0-301F-11D3-BF4B-00C04F79EFBC}") = "DeviceSQLDatabaseLibraryTests", "DeviceSQLDatabaseLibraryTests\DeviceSQLDatabaseLibraryTests.csproj", "{78A6793E-36D9-4027-8188-9E15071F41CE}"
EndProject
Project("{FAE04EC0-301F-11D3-BF4B-00C04F79EFBC}") = "DeviceSQLDatabaseWPFUI", "DeviceSQLDatabaseWPFUI\DeviceSQLDatabaseWPFUI.csproj", "{6CCFF9E4-EEB9-49C8-997F-E43CA8F42AE6}"
EndProject
Project("{E24C65DC-7377-472B-9ABA-BC803B73C61A}") = "WebServicePorject", "WebServicePorject\", "{09F73755-6295-461C-95AD-97CBAC9F32DE}"
	ProjectSection(WebsiteProperties) = preProject
		TargetFrameworkMoniker = ".NETFramework,Version%3Dv4.5"
		ProjectReferences = "{4bcf8ea3-f5c3-4788-b5a4-2143ffc3e0b0}|YyWsnDeviceLibrary.dll;"
		Debug.AspNetCompiler.VirtualPath = "/localhost_53129"
		Debug.AspNetCompiler.PhysicalPath = "WebServicePorject\"
		Debug.AspNetCompiler.TargetPath = "PrecompiledWeb\localhost_53129\"
		Debug.AspNetCompiler.Updateable = "true"
		Debug.AspNetCompiler.ForceOverwrite = "true"
		Debug.AspNetCompiler.FixedNames = "false"
		Debug.AspNetCompiler.Debug = "True"
		Release.AspNetCompiler.VirtualPath = "/localhost_53129"
		Release.AspNetCompiler.PhysicalPath = "WebServicePorject\"
		Release.AspNetCompiler.TargetPath = "PrecompiledWeb\localhost_53129\"
		Release.AspNetCompiler.Updateable = "true"
		Release.AspNetCompiler.ForceOverwrite = "true"
		Release.AspNetCompiler.FixedNames = "false"
		Release.AspNetCompiler.Debug = "False"
		VWDPort = "53129"
		SlnRelativePath = "WebServicePorject\"
		DefaultWebSiteLanguage = "Visual C#"
	EndProjectSection
EndProject
Project("{FAE04EC0-301F-11D3-BF4B-00C04F79EFBC}") = "QueryData_GUI", "QueryData_GUI\QueryData_GUI.csproj", "{59BE3996-0A08-4441-BE60-46D3CCDECC09}"
	ProjectSection(ProjectDependencies) = postProject
		{09F73755-6295-461C-95AD-97CBAC9F32DE} = {09F73755-6295-461C-95AD-97CBAC9F32DE}
	EndProjectSection
EndProject
Project("{FAE04EC0-301F-11D3-BF4B-00C04F79EFBC}") = "HyperWSN_Gateway_Alert", "HyperWSN_Gateway_Alert\HyperWSN_Gateway_Alert.csproj", "{8F88D92C-97F7-491D-905E-64193ED58EEC}"
EndProject
Project("{FAE04EC0-301F-11D3-BF4B-00C04F79EFBC}") = "MD5_Tool", "Beetch\MD5_Tool.csproj", "{B0CF792D-049A-4E5F-BE12-849410FCC700}"
EndProject
Project("{FAE04EC0-301F-11D3-BF4B-00C04F79EFBC}") = "CRC_Tool", "CRC_Tool\CRC_Tool.csproj", "{83CBC99F-754A-4CF1-891F-CA7A9882B008}"
EndProject
Project("{FAE04EC0-301F-11D3-BF4B-00C04F79EFBC}") = "Split_Tool", "Split_Tool\Split_Tool.csproj", "{F851F898-FE68-48B1-B98A-4F9C2EADDD67}"
EndProject
Project("{FAE04EC0-301F-11D3-BF4B-00C04F79EFBC}") = "HyperWSN_Setup_GM", "HyperWSN_Setup_GM\HyperWSN_Setup_GM.csproj", "{CECA7F6D-D113-42CE-B7E5-125A23700477}"
EndProject
Project("{FAE04EC0-301F-11D3-BF4B-00C04F79EFBC}") = "HyperWSN_Setup_M30", "HyperWSN_Setup_M30\HyperWSN_Setup_M30.csproj", "{EC43CC98-8C56-4558-94C3-D7E1F1A0E42E}"
EndProject
Project("{FAE04EC0-301F-11D3-BF4B-00C04F79EFBC}") = "HyperWSN_Setup_IR20", "HyperWSN_Setup_IR20\HyperWSN_Setup_IR20.csproj", "{A66929E1-4572-492B-B95D-2488E08839D6}"
EndProject
Global
	GlobalSection(SolutionConfigurationPlatforms) = preSolution
		Debug|Any CPU = Debug|Any CPU
		Release|Any CPU = Release|Any CPU
	EndGlobalSection
	GlobalSection(ProjectConfigurationPlatforms) = postSolution
		{4BCF8EA3-F5C3-4788-B5A4-2143FFC3E0B0}.Debug|Any CPU.ActiveCfg = Debug|Any CPU
		{4BCF8EA3-F5C3-4788-B5A4-2143FFC3E0B0}.Debug|Any CPU.Build.0 = Debug|Any CPU
		{4BCF8EA3-F5C3-4788-B5A4-2143FFC3E0B0}.Release|Any CPU.ActiveCfg = Release|Any CPU
		{4BCF8EA3-F5C3-4788-B5A4-2143FFC3E0B0}.Release|Any CPU.Build.0 = Release|Any CPU
		{E88B248C-6F8C-49D8-94EE-027C3C288E3C}.Debug|Any CPU.ActiveCfg = Debug|Any CPU
		{E88B248C-6F8C-49D8-94EE-027C3C288E3C}.Debug|Any CPU.Build.0 = Debug|Any CPU
		{E88B248C-6F8C-49D8-94EE-027C3C288E3C}.Release|Any CPU.ActiveCfg = Release|Any CPU
		{E88B248C-6F8C-49D8-94EE-027C3C288E3C}.Release|Any CPU.Build.0 = Release|Any CPU
		{C8166677-F261-400C-AB3A-06831D858CB6}.Debug|Any CPU.ActiveCfg = Debug|Any CPU
		{C8166677-F261-400C-AB3A-06831D858CB6}.Debug|Any CPU.Build.0 = Debug|Any CPU
		{C8166677-F261-400C-AB3A-06831D858CB6}.Release|Any CPU.ActiveCfg = Release|Any CPU
		{C8166677-F261-400C-AB3A-06831D858CB6}.Release|Any CPU.Build.0 = Release|Any CPU
		{7D2CB214-A515-44A6-82FF-4EDF109416B6}.Debug|Any CPU.ActiveCfg = Debug|Any CPU
		{7D2CB214-A515-44A6-82FF-4EDF109416B6}.Debug|Any CPU.Build.0 = Debug|Any CPU
		{7D2CB214-A515-44A6-82FF-4EDF109416B6}.Release|Any CPU.ActiveCfg = Release|Any CPU
		{7D2CB214-A515-44A6-82FF-4EDF109416B6}.Release|Any CPU.Build.0 = Release|Any CPU
		{A2595A5C-701A-4021-8B6C-580CC2DC7717}.Debug|Any CPU.ActiveCfg = Debug|Any CPU
		{A2595A5C-701A-4021-8B6C-580CC2DC7717}.Debug|Any CPU.Build.0 = Debug|Any CPU
		{A2595A5C-701A-4021-8B6C-580CC2DC7717}.Release|Any CPU.ActiveCfg = Release|Any CPU
		{A2595A5C-701A-4021-8B6C-580CC2DC7717}.Release|Any CPU.Build.0 = Release|Any CPU
		{1F1B5AA7-D99F-4F52-8E88-87B957F13CFB}.Debug|Any CPU.ActiveCfg = Debug|Any CPU
		{1F1B5AA7-D99F-4F52-8E88-87B957F13CFB}.Debug|Any CPU.Build.0 = Debug|Any CPU
		{1F1B5AA7-D99F-4F52-8E88-87B957F13CFB}.Release|Any CPU.ActiveCfg = Release|Any CPU
		{1F1B5AA7-D99F-4F52-8E88-87B957F13CFB}.Release|Any CPU.Build.0 = Release|Any CPU
		{24364CC0-B29D-42E4-B868-20DCBAE3F955}.Debug|Any CPU.ActiveCfg = Debug|Any CPU
		{24364CC0-B29D-42E4-B868-20DCBAE3F955}.Debug|Any CPU.Build.0 = Debug|Any CPU
		{24364CC0-B29D-42E4-B868-20DCBAE3F955}.Release|Any CPU.ActiveCfg = Release|Any CPU
		{24364CC0-B29D-42E4-B868-20DCBAE3F955}.Release|Any CPU.Build.0 = Release|Any CPU
		{14F4286A-5E77-405D-B6F2-6C92E313B8F2}.Debug|Any CPU.ActiveCfg = Debug|Any CPU
		{14F4286A-5E77-405D-B6F2-6C92E313B8F2}.Debug|Any CPU.Build.0 = Debug|Any CPU
		{14F4286A-5E77-405D-B6F2-6C92E313B8F2}.Release|Any CPU.ActiveCfg = Release|Any CPU
		{14F4286A-5E77-405D-B6F2-6C92E313B8F2}.Release|Any CPU.Build.0 = Release|Any CPU
		{4D688CAC-49A3-47BF-83AA-CE45D0C0C190}.Debug|Any CPU.ActiveCfg = Debug|Any CPU
		{4D688CAC-49A3-47BF-83AA-CE45D0C0C190}.Debug|Any CPU.Build.0 = Debug|Any CPU
		{4D688CAC-49A3-47BF-83AA-CE45D0C0C190}.Release|Any CPU.ActiveCfg = Release|Any CPU
		{4D688CAC-49A3-47BF-83AA-CE45D0C0C190}.Release|Any CPU.Build.0 = Release|Any CPU
		{997BB859-791A-4F2B-A41F-420B97BE88A9}.Debug|Any CPU.ActiveCfg = Debug|Any CPU
		{997BB859-791A-4F2B-A41F-420B97BE88A9}.Debug|Any CPU.Build.0 = Debug|Any CPU
		{997BB859-791A-4F2B-A41F-420B97BE88A9}.Release|Any CPU.ActiveCfg = Release|Any CPU
		{997BB859-791A-4F2B-A41F-420B97BE88A9}.Release|Any CPU.Build.0 = Release|Any CPU
		{DC2D93C3-DF31-4058-B1AC-AD3B4801B654}.Debug|Any CPU.ActiveCfg = Debug|Any CPU
		{DC2D93C3-DF31-4058-B1AC-AD3B4801B654}.Debug|Any CPU.Build.0 = Debug|Any CPU
		{DC2D93C3-DF31-4058-B1AC-AD3B4801B654}.Release|Any CPU.ActiveCfg = Release|Any CPU
		{DC2D93C3-DF31-4058-B1AC-AD3B4801B654}.Release|Any CPU.Build.0 = Release|Any CPU
		{78A6793E-36D9-4027-8188-9E15071F41CE}.Debug|Any CPU.ActiveCfg = Debug|Any CPU
		{78A6793E-36D9-4027-8188-9E15071F41CE}.Debug|Any CPU.Build.0 = Debug|Any CPU
		{78A6793E-36D9-4027-8188-9E15071F41CE}.Release|Any CPU.ActiveCfg = Release|Any CPU
		{78A6793E-36D9-4027-8188-9E15071F41CE}.Release|Any CPU.Build.0 = Release|Any CPU
		{6CCFF9E4-EEB9-49C8-997F-E43CA8F42AE6}.Debug|Any CPU.ActiveCfg = Debug|Any CPU
		{6CCFF9E4-EEB9-49C8-997F-E43CA8F42AE6}.Debug|Any CPU.Build.0 = Debug|Any CPU
		{6CCFF9E4-EEB9-49C8-997F-E43CA8F42AE6}.Release|Any CPU.ActiveCfg = Release|Any CPU
		{6CCFF9E4-EEB9-49C8-997F-E43CA8F42AE6}.Release|Any CPU.Build.0 = Release|Any CPU
		{09F73755-6295-461C-95AD-97CBAC9F32DE}.Debug|Any CPU.ActiveCfg = Debug|Any CPU
		{09F73755-6295-461C-95AD-97CBAC9F32DE}.Debug|Any CPU.Build.0 = Debug|Any CPU
		{09F73755-6295-461C-95AD-97CBAC9F32DE}.Release|Any CPU.ActiveCfg = Debug|Any CPU
		{09F73755-6295-461C-95AD-97CBAC9F32DE}.Release|Any CPU.Build.0 = Debug|Any CPU
		{59BE3996-0A08-4441-BE60-46D3CCDECC09}.Debug|Any CPU.ActiveCfg = Debug|Any CPU
		{59BE3996-0A08-4441-BE60-46D3CCDECC09}.Debug|Any CPU.Build.0 = Debug|Any CPU
		{59BE3996-0A08-4441-BE60-46D3CCDECC09}.Release|Any CPU.ActiveCfg = Release|Any CPU
		{59BE3996-0A08-4441-BE60-46D3CCDECC09}.Release|Any CPU.Build.0 = Release|Any CPU
		{8F88D92C-97F7-491D-905E-64193ED58EEC}.Debug|Any CPU.ActiveCfg = Debug|Any CPU
		{8F88D92C-97F7-491D-905E-64193ED58EEC}.Debug|Any CPU.Build.0 = Debug|Any CPU
		{8F88D92C-97F7-491D-905E-64193ED58EEC}.Release|Any CPU.ActiveCfg = Release|Any CPU
		{8F88D92C-97F7-491D-905E-64193ED58EEC}.Release|Any CPU.Build.0 = Release|Any CPU
		{B0CF792D-049A-4E5F-BE12-849410FCC700}.Debug|Any CPU.ActiveCfg = Debug|Any CPU
		{B0CF792D-049A-4E5F-BE12-849410FCC700}.Debug|Any CPU.Build.0 = Debug|Any CPU
		{B0CF792D-049A-4E5F-BE12-849410FCC700}.Release|Any CPU.ActiveCfg = Release|Any CPU
		{B0CF792D-049A-4E5F-BE12-849410FCC700}.Release|Any CPU.Build.0 = Release|Any CPU
		{83CBC99F-754A-4CF1-891F-CA7A9882B008}.Debug|Any CPU.ActiveCfg = Debug|Any CPU
		{83CBC99F-754A-4CF1-891F-CA7A9882B008}.Debug|Any CPU.Build.0 = Debug|Any CPU
		{83CBC99F-754A-4CF1-891F-CA7A9882B008}.Release|Any CPU.ActiveCfg = Release|Any CPU
		{83CBC99F-754A-4CF1-891F-CA7A9882B008}.Release|Any CPU.Build.0 = Release|Any CPU
		{F851F898-FE68-48B1-B98A-4F9C2EADDD67}.Debug|Any CPU.ActiveCfg = Debug|Any CPU
		{F851F898-FE68-48B1-B98A-4F9C2EADDD67}.Debug|Any CPU.Build.0 = Debug|Any CPU
		{F851F898-FE68-48B1-B98A-4F9C2EADDD67}.Release|Any CPU.ActiveCfg = Release|Any CPU
		{F851F898-FE68-48B1-B98A-4F9C2EADDD67}.Release|Any CPU.Build.0 = Release|Any CPU
		{CECA7F6D-D113-42CE-B7E5-125A23700477}.Debug|Any CPU.ActiveCfg = Debug|Any CPU
		{CECA7F6D-D113-42CE-B7E5-125A23700477}.Debug|Any CPU.Build.0 = Debug|Any CPU
		{CECA7F6D-D113-42CE-B7E5-125A23700477}.Release|Any CPU.ActiveCfg = Release|Any CPU
		{CECA7F6D-D113-42CE-B7E5-125A23700477}.Release|Any CPU.Build.0 = Release|Any CPU
		{EC43CC98-8C56-4558-94C3-D7E1F1A0E42E}.Debug|Any CPU.ActiveCfg = Debug|Any CPU
		{EC43CC98-8C56-4558-94C3-D7E1F1A0E42E}.Debug|Any CPU.Build.0 = Debug|Any CPU
		{EC43CC98-8C56-4558-94C3-D7E1F1A0E42E}.Release|Any CPU.ActiveCfg = Release|Any CPU
		{EC43CC98-8C56-4558-94C3-D7E1F1A0E42E}.Release|Any CPU.Build.0 = Release|Any CPU
		{A66929E1-4572-492B-B95D-2488E08839D6}.Debug|Any CPU.ActiveCfg = Debug|Any CPU
		{A66929E1-4572-492B-B95D-2488E08839D6}.Debug|Any CPU.Build.0 = Debug|Any CPU
		{A66929E1-4572-492B-B95D-2488E08839D6}.Release|Any CPU.ActiveCfg = Release|Any CPU
		{A66929E1-4572-492B-B95D-2488E08839D6}.Release|Any CPU.Build.0 = Release|Any CPU
	EndGlobalSection
	GlobalSection(SolutionProperties) = preSolution
		HideSolutionNode = FALSE
	EndGlobalSection
EndGlobal
